
Microsoft Visual Studio Solution File, Format Version 12.00
# Visual Studio Version 16
VisualStudioVersion = 16.0.31005.135
MinimumVisualStudioVersion = 10.0.40219.1
Project("{8BC9CEB8-8B4A-11D0-8D11-00A0C91BC942}") = "Nedelya1-2(Task 6)", "Nedelya1-2(Task 6)\Nedelya1-2(Task 6).vcxproj", "{9D888294-F736-413C-9DDB-EE449D1C94FA}"
EndProject
Global
	GlobalSection(SolutionConfigurationPlatforms) = preSolution
		Debug|x64 = Debug|x64
		Debug|x86 = Debug|x86
		Release|x64 = Release|x64
		Release|x86 = Release|x86
	EndGlobalSection
	GlobalSection(ProjectConfigurationPlatforms) = postSolution
		{9D888294-F736-413C-9DDB-EE449D1C94FA}.Debug|x64.ActiveCfg = Debug|x64
		{9D888294-F736-413C-9DDB-EE449D1C94FA}.Debug|x64.Build.0 = Debug|x64
		{9D888294-F736-413C-9DDB-EE449D1C94FA}.Debug|x86.ActiveCfg = Debug|Win32
		{9D888294-F736-413C-9DDB-EE449D1C94FA}.Debug|x86.Build.0 = Debug|Win32
		{9D888294-F736-413C-9DDB-EE449D1C94FA}.Release|x64.ActiveCfg = Release|x64
		{9D888294-F736-413C-9DDB-EE449D1C94FA}.Release|x64.Build.0 = Release|x64
		{9D888294-F736-413C-9DDB-EE449D1C94FA}.Release|x86.ActiveCfg = Release|Win32
		{9D888294-F736-413C-9DDB-EE449D1C94FA}.Release|x86.Build.0 = Release|Win32
	EndGlobalSection
	GlobalSection(SolutionProperties) = preSolution
		HideSolutionNode = FALSE
	EndGlobalSection
	GlobalSection(ExtensibilityGlobals) = postSolution
		SolutionGuid = {548A1D9A-9792-42F6-BED9-1CAD1F262590}
	EndGlobalSection
EndGlobal
