
Microsoft Visual Studio Solution File, Format Version 12.00
# Visual Studio Version 16
VisualStudioVersion = 16.0.31129.286
MinimumVisualStudioVersion = 10.0.40219.1
Project("{8BC9CEB8-8B4A-11D0-8D11-00A0C91BC942}") = "Task5(3)", "Task5(3)\Task5(3).vcxproj", "{5D8E0634-518D-46FA-B5AE-9280E5B1E84A}"
EndProject
Global
	GlobalSection(SolutionConfigurationPlatforms) = preSolution
		Debug|x64 = Debug|x64
		Debug|x86 = Debug|x86
		Release|x64 = Release|x64
		Release|x86 = Release|x86
	EndGlobalSection
	GlobalSection(ProjectConfigurationPlatforms) = postSolution
		{5D8E0634-518D-46FA-B5AE-9280E5B1E84A}.Debug|x64.ActiveCfg = Debug|x64
		{5D8E0634-518D-46FA-B5AE-9280E5B1E84A}.Debug|x64.Build.0 = Debug|x64
		{5D8E0634-518D-46FA-B5AE-9280E5B1E84A}.Debug|x86.ActiveCfg = Debug|Win32
		{5D8E0634-518D-46FA-B5AE-9280E5B1E84A}.Debug|x86.Build.0 = Debug|Win32
		{5D8E0634-518D-46FA-B5AE-9280E5B1E84A}.Release|x64.ActiveCfg = Release|x64
		{5D8E0634-518D-46FA-B5AE-9280E5B1E84A}.Release|x64.Build.0 = Release|x64
		{5D8E0634-518D-46FA-B5AE-9280E5B1E84A}.Release|x86.ActiveCfg = Release|Win32
		{5D8E0634-518D-46FA-B5AE-9280E5B1E84A}.Release|x86.Build.0 = Release|Win32
	EndGlobalSection
	GlobalSection(SolutionProperties) = preSolution
		HideSolutionNode = FALSE
	EndGlobalSection
	GlobalSection(ExtensibilityGlobals) = postSolution
		SolutionGuid = {215590B4-69DC-4ECA-9BAF-8064C45E993F}
	EndGlobalSection
EndGlobal
