
Microsoft Visual Studio Solution File, Format Version 12.00
# Visual Studio Version 16
VisualStudioVersion = 16.0.31129.286
MinimumVisualStudioVersion = 10.0.40219.1
Project("{8BC9CEB8-8B4A-11D0-8D11-00A0C91BC942}") = "Task3(10)", "Task3(10)\Task3(10).vcxproj", "{936D1A7D-8B66-446A-AFB2-EAC1E4B2EC24}"
EndProject
Global
	GlobalSection(SolutionConfigurationPlatforms) = preSolution
		Debug|x64 = Debug|x64
		Debug|x86 = Debug|x86
		Release|x64 = Release|x64
		Release|x86 = Release|x86
	EndGlobalSection
	GlobalSection(ProjectConfigurationPlatforms) = postSolution
		{936D1A7D-8B66-446A-AFB2-EAC1E4B2EC24}.Debug|x64.ActiveCfg = Debug|x64
		{936D1A7D-8B66-446A-AFB2-EAC1E4B2EC24}.Debug|x64.Build.0 = Debug|x64
		{936D1A7D-8B66-446A-AFB2-EAC1E4B2EC24}.Debug|x86.ActiveCfg = Debug|Win32
		{936D1A7D-8B66-446A-AFB2-EAC1E4B2EC24}.Debug|x86.Build.0 = Debug|Win32
		{936D1A7D-8B66-446A-AFB2-EAC1E4B2EC24}.Release|x64.ActiveCfg = Release|x64
		{936D1A7D-8B66-446A-AFB2-EAC1E4B2EC24}.Release|x64.Build.0 = Release|x64
		{936D1A7D-8B66-446A-AFB2-EAC1E4B2EC24}.Release|x86.ActiveCfg = Release|Win32
		{936D1A7D-8B66-446A-AFB2-EAC1E4B2EC24}.Release|x86.Build.0 = Release|Win32
	EndGlobalSection
	GlobalSection(SolutionProperties) = preSolution
		HideSolutionNode = FALSE
	EndGlobalSection
	GlobalSection(ExtensibilityGlobals) = postSolution
		SolutionGuid = {4CA372AE-457E-4C79-BC10-F65CFF845769}
	EndGlobalSection
EndGlobal
