
Microsoft Visual Studio Solution File, Format Version 12.00
# Visual Studio Version 16
VisualStudioVersion = 16.0.31129.286
MinimumVisualStudioVersion = 10.0.40219.1
Project("{8BC9CEB8-8B4A-11D0-8D11-00A0C91BC942}") = "5", "5\5.vcxproj", "{22DC2CC4-0F78-4B84-9F9C-3E246F18525B}"
EndProject
Global
	GlobalSection(SolutionConfigurationPlatforms) = preSolution
		Debug|x64 = Debug|x64
		Debug|x86 = Debug|x86
		Release|x64 = Release|x64
		Release|x86 = Release|x86
	EndGlobalSection
	GlobalSection(ProjectConfigurationPlatforms) = postSolution
		{22DC2CC4-0F78-4B84-9F9C-3E246F18525B}.Debug|x64.ActiveCfg = Debug|x64
		{22DC2CC4-0F78-4B84-9F9C-3E246F18525B}.Debug|x64.Build.0 = Debug|x64
		{22DC2CC4-0F78-4B84-9F9C-3E246F18525B}.Debug|x86.ActiveCfg = Debug|Win32
		{22DC2CC4-0F78-4B84-9F9C-3E246F18525B}.Debug|x86.Build.0 = Debug|Win32
		{22DC2CC4-0F78-4B84-9F9C-3E246F18525B}.Release|x64.ActiveCfg = Release|x64
		{22DC2CC4-0F78-4B84-9F9C-3E246F18525B}.Release|x64.Build.0 = Release|x64
		{22DC2CC4-0F78-4B84-9F9C-3E246F18525B}.Release|x86.ActiveCfg = Release|Win32
		{22DC2CC4-0F78-4B84-9F9C-3E246F18525B}.Release|x86.Build.0 = Release|Win32
	EndGlobalSection
	GlobalSection(SolutionProperties) = preSolution
		HideSolutionNode = FALSE
	EndGlobalSection
	GlobalSection(ExtensibilityGlobals) = postSolution
		SolutionGuid = {791C1673-59F6-4908-8891-9CCD7B6BE5FA}
	EndGlobalSection
EndGlobal
